// !$*UTF8*$!
{
	archiveVersion = 1;
	classes = {
	};
	objectVersion = 55;
	objects = {

/* Begin PBXBuildFile section */
		AA39D09D282F8A86005BD339 /* AppDelegate.swift in Sources */ = {isa = PBXBuildFile; fileRef = AA39D09C282F8A86005BD339 /* AppDelegate.swift */; };
		AA39D09F282F8A86005BD339 /* SceneDelegate.swift in Sources */ = {isa = PBXBuildFile; fileRef = AA39D09E282F8A86005BD339 /* SceneDelegate.swift */; };
		AA39D0A1282F8A86005BD339 /* ViewController.swift in Sources */ = {isa = PBXBuildFile; fileRef = AA39D0A0282F8A86005BD339 /* ViewController.swift */; };
		AA39D0A4282F8A86005BD339 /* Main.storyboard in Resources */ = {isa = PBXBuildFile; fileRef = AA39D0A2282F8A86005BD339 /* Main.storyboard */; };
		AA39D0A7282F8A86005BD339 /* TawkUserManager.xcdatamodeld in Sources */ = {isa = PBXBuildFile; fileRef = AA39D0A5282F8A86005BD339 /* TawkUserManager.xcdatamodeld */; };
		AA39D0A9282F8A88005BD339 /* Assets.xcassets in Resources */ = {isa = PBXBuildFile; fileRef = AA39D0A8282F8A88005BD339 /* Assets.xcassets */; };
		AA39D0AC282F8A88005BD339 /* LaunchScreen.storyboard in Resources */ = {isa = PBXBuildFile; fileRef = AA39D0AA282F8A88005BD339 /* LaunchScreen.storyboard */; };
		AA39D0B7282F8A88005BD339 /* TawkUserManagerTests.swift in Sources */ = {isa = PBXBuildFile; fileRef = AA39D0B6282F8A88005BD339 /* TawkUserManagerTests.swift */; };
		AA39D0C1282F8A89005BD339 /* TawkUserManagerUITests.swift in Sources */ = {isa = PBXBuildFile; fileRef = AA39D0C0282F8A89005BD339 /* TawkUserManagerUITests.swift */; };
		AA39D0C3282F8A89005BD339 /* TawkUserManagerUITestsLaunchTests.swift in Sources */ = {isa = PBXBuildFile; fileRef = AA39D0C2282F8A89005BD339 /* TawkUserManagerUITestsLaunchTests.swift */; };
/* End PBXBuildFile section */

/* Begin PBXContainerItemProxy section */
		AA39D0B3282F8A88005BD339 /* PBXContainerItemProxy */ = {
			isa = PBXContainerItemProxy;
			containerPortal = AA39D091282F8A86005BD339 /* Project object */;
			proxyType = 1;
			remoteGlobalIDString = AA39D098282F8A86005BD339;
			remoteInfo = TawkUserManager;
		};
		AA39D0BD282F8A89005BD339 /* PBXContainerItemProxy */ = {
			isa = PBXContainerItemProxy;
			containerPortal = AA39D091282F8A86005BD339 /* Project object */;
			proxyType = 1;
			remoteGlobalIDString = AA39D098282F8A86005BD339;
			remoteInfo = TawkUserManager;
		};
/* End PBXContainerItemProxy section */

/* Begin PBXFileReference section */
		AA39D099282F8A86005BD339 /* TawkUserManager.app */ = {isa = PBXFileReference; explicitFileType = wrapper.application; includeInIndex = 0; path = TawkUserManager.app; sourceTree = BUILT_PRODUCTS_DIR; };
		AA39D09C282F8A86005BD339 /* AppDelegate.swift */ = {isa = PBXFileReference; lastKnownFileType = sourcecode.swift; path = AppDelegate.swift; sourceTree = "<group>"; };
		AA39D09E282F8A86005BD339 /* SceneDelegate.swift */ = {isa = PBXFileReference; lastKnownFileType = sourcecode.swift; path = SceneDelegate.swift; sourceTree = "<group>"; };
		AA39D0A0282F8A86005BD339 /* ViewController.swift */ = {isa = PBXFileReference; lastKnownFileType = sourcecode.swift; path = ViewController.swift; sourceTree = "<group>"; };
		AA39D0A3282F8A86005BD339 /* Base */ = {isa = PBXFileReference; lastKnownFileType = file.storyboard; name = Base; path = Base.lproj/Main.storyboard; sourceTree = "<group>"; };
		AA39D0A6282F8A86005BD339 /* TawkUserManager.xcdatamodel */ = {isa = PBXFileReference; lastKnownFileType = wrapper.xcdatamodel; path = TawkUserManager.xcdatamodel; sourceTree = "<group>"; };
		AA39D0A8282F8A88005BD339 /* Assets.xcassets */ = {isa = PBXFileReference; lastKnownFileType = folder.assetcatalog; path = Assets.xcassets; sourceTree = "<group>"; };
		AA39D0AB282F8A88005BD339 /* Base */ = {isa = PBXFileReference; lastKnownFileType = file.storyboard; name = Base; path = Base.lproj/LaunchScreen.storyboard; sourceTree = "<group>"; };
		AA39D0AD282F8A88005BD339 /* Info.plist */ = {isa = PBXFileReference; lastKnownFileType = text.plist.xml; path = Info.plist; sourceTree = "<group>"; };
		AA39D0B2282F8A88005BD339 /* TawkUserManagerTests.xctest */ = {isa = PBXFileReference; explicitFileType = wrapper.cfbundle; includeInIndex = 0; path = TawkUserManagerTests.xctest; sourceTree = BUILT_PRODUCTS_DIR; };
		AA39D0B6282F8A88005BD339 /* TawkUserManagerTests.swift */ = {isa = PBXFileReference; lastKnownFileType = sourcecode.swift; path = TawkUserManagerTests.swift; sourceTree = "<group>"; };
		AA39D0BC282F8A89005BD339 /* TawkUserManagerUITests.xctest */ = {isa = PBXFileReference; explicitFileType = wrapper.cfbundle; includeInIndex = 0; path = TawkUserManagerUITests.xctest; sourceTree = BUILT_PRODUCTS_DIR; };
		AA39D0C0282F8A89005BD339 /* TawkUserManagerUITests.swift */ = {isa = PBXFileReference; lastKnownFileType = sourcecode.swift; path = TawkUserManagerUITests.swift; sourceTree = "<group>"; };
		AA39D0C2282F8A89005BD339 /* TawkUserManagerUITestsLaunchTests.swift */ = {isa = PBXFileReference; lastKnownFileType = sourcecode.swift; path = TawkUserManagerUITestsLaunchTests.swift; sourceTree = "<group>"; };
/* End PBXFileReference section */

/* Begin PBXFrameworksBuildPhase section */
		AA39D096282F8A86005BD339 /* Frameworks */ = {
			isa = PBXFrameworksBuildPhase;
			buildActionMask = 2147483647;
			files = (
			);
			runOnlyForDeploymentPostprocessing = 0;
		};
		AA39D0AF282F8A88005BD339 /* Frameworks */ = {
			isa = PBXFrameworksBuildPhase;
			buildActionMask = 2147483647;
			files = (
			);
			runOnlyForDeploymentPostprocessing = 0;
		};
		AA39D0B9282F8A89005BD339 /* Frameworks */ = {
			isa = PBXFrameworksBuildPhase;
			buildActionMask = 2147483647;
			files = (
			);
			runOnlyForDeploymentPostprocessing = 0;
		};
/* End PBXFrameworksBuildPhase section */

/* Begin PBXGroup section */
		AA39D090282F8A86005BD339 = {
			isa = PBXGroup;
			children = (
				AA39D09B282F8A86005BD339 /* TawkUserManager */,
				AA39D0B5282F8A88005BD339 /* TawkUserManagerTests */,
				AA39D0BF282F8A89005BD339 /* TawkUserManagerUITests */,
				AA39D09A282F8A86005BD339 /* Products */,
			);
			sourceTree = "<group>";
		};
		AA39D09A282F8A86005BD339 /* Products */ = {
			isa = PBXGroup;
			children = (
				AA39D099282F8A86005BD339 /* TawkUserManager.app */,
				AA39D0B2282F8A88005BD339 /* TawkUserManagerTests.xctest */,
				AA39D0BC282F8A89005BD339 /* TawkUserManagerUITests.xctest */,
			);
			name = Products;
			sourceTree = "<group>";
		};
		AA39D09B282F8A86005BD339 /* TawkUserManager */ = {
			isa = PBXGroup;
			children = (
				AA39D09C282F8A86005BD339 /* AppDelegate.swift */,
				AA39D09E282F8A86005BD339 /* SceneDelegate.swift */,
				AA39D0A0282F8A86005BD339 /* ViewController.swift */,
				AA39D0A2282F8A86005BD339 /* Main.storyboard */,
				AA39D0A8282F8A88005BD339 /* Assets.xcassets */,
				AA39D0AA282F8A88005BD339 /* LaunchScreen.storyboard */,
				AA39D0AD282F8A88005BD339 /* Info.plist */,
				AA39D0A5282F8A86005BD339 /* TawkUserManager.xcdatamodeld */,
			);
			path = TawkUserManager;
			sourceTree = "<group>";
		};
		AA39D0B5282F8A88005BD339 /* TawkUserManagerTests */ = {
			isa = PBXGroup;
			children = (
				AA39D0B6282F8A88005BD339 /* TawkUserManagerTests.swift */,
			);
			path = TawkUserManagerTests;
			sourceTree = "<group>";
		};
		AA39D0BF282F8A89005BD339 /* TawkUserManagerUITests */ = {
			isa = PBXGroup;
			children = (
				AA39D0C0282F8A89005BD339 /* TawkUserManagerUITests.swift */,
				AA39D0C2282F8A89005BD339 /* TawkUserManagerUITestsLaunchTests.swift */,
			);
			path = TawkUserManagerUITests;
			sourceTree = "<group>";
		};
/* End PBXGroup section */

/* Begin PBXNativeTarget section */
		AA39D098282F8A86005BD339 /* TawkUserManager */ = {
			isa = PBXNativeTarget;
			buildConfigurationList = AA39D0C6282F8A89005BD339 /* Build configuration list for PBXNativeTarget "TawkUserManager" */;
			buildPhases = (
				AA39D095282F8A86005BD339 /* Sources */,
				AA39D096282F8A86005BD339 /* Frameworks */,
				AA39D097282F8A86005BD339 /* Resources */,
			);
			buildRules = (
			);
			dependencies = (
			);
			name = TawkUserManager;
			productName = TawkUserManager;
			productReference = AA39D099282F8A86005BD339 /* TawkUserManager.app */;
			productType = "com.apple.product-type.application";
		};
		AA39D0B1282F8A88005BD339 /* TawkUserManagerTests */ = {
			isa = PBXNativeTarget;
			buildConfigurationList = AA39D0C9282F8A89005BD339 /* Build configuration list for PBXNativeTarget "TawkUserManagerTests" */;
			buildPhases = (
				AA39D0AE282F8A88005BD339 /* Sources */,
				AA39D0AF282F8A88005BD339 /* Frameworks */,
				AA39D0B0282F8A88005BD339 /* Resources */,
			);
			buildRules = (
			);
			dependencies = (
				AA39D0B4282F8A88005BD339 /* PBXTargetDependency */,
			);
			name = TawkUserManagerTests;
			productName = TawkUserManagerTests;
			productReference = AA39D0B2282F8A88005BD339 /* TawkUserManagerTests.xctest */;
			productType = "com.apple.product-type.bundle.unit-test";
		};
		AA39D0BB282F8A89005BD339 /* TawkUserManagerUITests */ = {
			isa = PBXNativeTarget;
			buildConfigurationList = AA39D0CC282F8A89005BD339 /* Build configuration list for PBXNativeTarget "TawkUserManagerUITests" */;
			buildPhases = (
				AA39D0B8282F8A89005BD339 /* Sources */,
				AA39D0B9282F8A89005BD339 /* Frameworks */,
				AA39D0BA282F8A89005BD339 /* Resources */,
			);
			buildRules = (
			);
			dependencies = (
				AA39D0BE282F8A89005BD339 /* PBXTargetDependency */,
			);
			name = TawkUserManagerUITests;
			productName = TawkUserManagerUITests;
			productReference = AA39D0BC282F8A89005BD339 /* TawkUserManagerUITests.xctest */;
			productType = "com.apple.product-type.bundle.ui-testing";
		};
/* End PBXNativeTarget section */

/* Begin PBXProject section */
		AA39D091282F8A86005BD339 /* Project object */ = {
			isa = PBXProject;
			attributes = {
				BuildIndependentTargetsInParallel = 1;
				LastSwiftUpdateCheck = 1310;
				LastUpgradeCheck = 1310;
				TargetAttributes = {
					AA39D098282F8A86005BD339 = {
						CreatedOnToolsVersion = 13.1;
					};
					AA39D0B1282F8A88005BD339 = {
						CreatedOnToolsVersion = 13.1;
						TestTargetID = AA39D098282F8A86005BD339;
					};
					AA39D0BB282F8A89005BD339 = {
						CreatedOnToolsVersion = 13.1;
						TestTargetID = AA39D098282F8A86005BD339;
					};
				};
			};
			buildConfigurationList = AA39D094282F8A86005BD339 /* Build configuration list for PBXProject "TawkUserManager" */;
			compatibilityVersion = "Xcode 13.0";
			developmentRegion = en;
			hasScannedForEncodings = 0;
			knownRegions = (
				en,
				Base,
			);
			mainGroup = AA39D090282F8A86005BD339;
			productRefGroup = AA39D09A282F8A86005BD339 /* Products */;
			projectDirPath = "";
			projectRoot = "";
			targets = (
				AA39D098282F8A86005BD339 /* TawkUserManager */,
				AA39D0B1282F8A88005BD339 /* TawkUserManagerTests */,
				AA39D0BB282F8A89005BD339 /* TawkUserManagerUITests */,
			);
		};
/* End PBXProject section */

/* Begin PBXResourcesBuildPhase section */
		AA39D097282F8A86005BD339 /* Resources */ = {
			isa = PBXResourcesBuildPhase;
			buildActionMask = 2147483647;
			files = (
				AA39D0AC282F8A88005BD339 /* LaunchScreen.storyboard in Resources */,
				AA39D0A9282F8A88005BD339 /* Assets.xcassets in Resources */,
				AA39D0A4282F8A86005BD339 /* Main.storyboard in Resources */,
			);
			runOnlyForDeploymentPostprocessing = 0;
		};
		AA39D0B0282F8A88005BD339 /* Resources */ = {
			isa = PBXResourcesBuildPhase;
			buildActionMask = 2147483647;
			files = (
			);
			runOnlyForDeploymentPostprocessing = 0;
		};
		AA39D0BA282F8A89005BD339 /* Resources */ = {
			isa = PBXResourcesBuildPhase;
			buildActionMask = 2147483647;
			files = (
			);
			runOnlyForDeploymentPostprocessing = 0;
		};
/* End PBXResourcesBuildPhase section */

/* Begin PBXSourcesBuildPhase section */
		AA39D095282F8A86005BD339 /* Sources */ = {
			isa = PBXSourcesBuildPhase;
			buildActionMask = 2147483647;
			files = (
				AA39D0A1282F8A86005BD339 /* ViewController.swift in Sources */,
				AA39D0A7282F8A86005BD339 /* TawkUserManager.xcdatamodeld in Sources */,
				AA39D09D282F8A86005BD339 /* AppDelegate.swift in Sources */,
				AA39D09F282F8A86005BD339 /* SceneDelegate.swift in Sources */,
			);
			runOnlyForDeploymentPostprocessing = 0;
		};
		AA39D0AE282F8A88005BD339 /* Sources */ = {
			isa = PBXSourcesBuildPhase;
			buildActionMask = 2147483647;
			files = (
				AA39D0B7282F8A88005BD339 /* TawkUserManagerTests.swift in Sources */,
			);
			runOnlyForDeploymentPostprocessing = 0;
		};
		AA39D0B8282F8A89005BD339 /* Sources */ = {
			isa = PBXSourcesBuildPhase;
			buildActionMask = 2147483647;
			files = (
				AA39D0C3282F8A89005BD339 /* TawkUserManagerUITestsLaunchTests.swift in Sources */,
				AA39D0C1282F8A89005BD339 /* TawkUserManagerUITests.swift in Sources */,
			);
			runOnlyForDeploymentPostprocessing = 0;
		};
/* End PBXSourcesBuildPhase section */

/* Begin PBXTargetDependency section */
		AA39D0B4282F8A88005BD339 /* PBXTargetDependency */ = {
			isa = PBXTargetDependency;
			target = AA39D098282F8A86005BD339 /* TawkUserManager */;
			targetProxy = AA39D0B3282F8A88005BD339 /* PBXContainerItemProxy */;
		};
		AA39D0BE282F8A89005BD339 /* PBXTargetDependency */ = {
			isa = PBXTargetDependency;
			target = AA39D098282F8A86005BD339 /* TawkUserManager */;
			targetProxy = AA39D0BD282F8A89005BD339 /* PBXContainerItemProxy */;
		};
/* End PBXTargetDependency section */

/* Begin PBXVariantGroup section */
		AA39D0A2282F8A86005BD339 /* Main.storyboard */ = {
			isa = PBXVariantGroup;
			children = (
				AA39D0A3282F8A86005BD339 /* Base */,
			);
			name = Main.storyboard;
			sourceTree = "<group>";
		};
		AA39D0AA282F8A88005BD339 /* LaunchScreen.storyboard */ = {
			isa = PBXVariantGroup;
			children = (
				AA39D0AB282F8A88005BD339 /* Base */,
			);
			name = LaunchScreen.storyboard;
			sourceTree = "<group>";
		};
/* End PBXVariantGroup section */

/* Begin XCBuildConfiguration section */
		AA39D0C4282F8A89005BD339 /* Debug */ = {
			isa = XCBuildConfiguration;
			buildSettings = {
				ALWAYS_SEARCH_USER_PATHS = NO;
				CLANG_ANALYZER_NONNULL = YES;
				CLANG_ANALYZER_NUMBER_OBJECT_CONVERSION = YES_AGGRESSIVE;
				CLANG_CXX_LANGUAGE_STANDARD = "gnu++17";
				CLANG_CXX_LIBRARY = "libc++";
				CLANG_ENABLE_MODULES = YES;
				CLANG_ENABLE_OBJC_ARC = YES;
				CLANG_ENABLE_OBJC_WEAK = YES;
				CLANG_WARN_BLOCK_CAPTURE_AUTORELEASING = YES;
				CLANG_WARN_BOOL_CONVERSION = YES;
				CLANG_WARN_COMMA = YES;
				CLANG_WARN_CONSTANT_CONVERSION = YES;
				CLANG_WARN_DEPRECATED_OBJC_IMPLEMENTATIONS = YES;
				CLANG_WARN_DIRECT_OBJC_ISA_USAGE = YES_ERROR;
				CLANG_WARN_DOCUMENTATION_COMMENTS = YES;
				CLANG_WARN_EMPTY_BODY = YES;
				CLANG_WARN_ENUM_CONVERSION = YES;
				CLANG_WARN_INFINITE_RECURSION = YES;
				CLANG_WARN_INT_CONVERSION = YES;
				CLANG_WARN_NON_LITERAL_NULL_CONVERSION = YES;
				CLANG_WARN_OBJC_IMPLICIT_RETAIN_SELF = YES;
				CLANG_WARN_OBJC_LITERAL_CONVERSION = YES;
				CLANG_WARN_OBJC_ROOT_CLASS = YES_ERROR;
				CLANG_WARN_QUOTED_INCLUDE_IN_FRAMEWORK_HEADER = YES;
				CLANG_WARN_RANGE_LOOP_ANALYSIS = YES;
				CLANG_WARN_STRICT_PROTOTYPES = YES;
				CLANG_WARN_SUSPICIOUS_MOVE = YES;
				CLANG_WARN_UNGUARDED_AVAILABILITY = YES_AGGRESSIVE;
				CLANG_WARN_UNREACHABLE_CODE = YES;
				CLANG_WARN__DUPLICATE_METHOD_MATCH = YES;
				COPY_PHASE_STRIP = NO;
				DEBUG_INFORMATION_FORMAT = dwarf;
				ENABLE_STRICT_OBJC_MSGSEND = YES;
				ENABLE_TESTABILITY = YES;
				GCC_C_LANGUAGE_STANDARD = gnu11;
				GCC_DYNAMIC_NO_PIC = NO;
				GCC_NO_COMMON_BLOCKS = YES;
				GCC_OPTIMIZATION_LEVEL = 0;
				GCC_PREPROCESSOR_DEFINITIONS = (
					"DEBUG=1",
					"$(inherited)",
				);
				GCC_WARN_64_TO_32_BIT_CONVERSION = YES;
				GCC_WARN_ABOUT_RETURN_TYPE = YES_ERROR;
				GCC_WARN_UNDECLARED_SELECTOR = YES;
				GCC_WARN_UNINITIALIZED_AUTOS = YES_AGGRESSIVE;
				GCC_WARN_UNUSED_FUNCTION = YES;
				GCC_WARN_UNUSED_VARIABLE = YES;
				IPHONEOS_DEPLOYMENT_TARGET = 15.0;
				MTL_ENABLE_DEBUG_INFO = INCLUDE_SOURCE;
				MTL_FAST_MATH = YES;
				ONLY_ACTIVE_ARCH = YES;
				SDKROOT = iphoneos;
				SWIFT_ACTIVE_COMPILATION_CONDITIONS = DEBUG;
				SWIFT_OPTIMIZATION_LEVEL = "-Onone";
			};
			name = Debug;
		};
		AA39D0C5282F8A89005BD339 /* Release */ = {
			isa = XCBuildConfiguration;
			buildSettings = {
				ALWAYS_SEARCH_USER_PATHS = NO;
				CLANG_ANALYZER_NONNULL = YES;
				CLANG_ANALYZER_NUMBER_OBJECT_CONVERSION = YES_AGGRESSIVE;
				CLANG_CXX_LANGUAGE_STANDARD = "gnu++17";
				CLANG_CXX_LIBRARY = "libc++";
				CLANG_ENABLE_MODULES = YES;
				CLANG_ENABLE_OBJC_ARC = YES;
				CLANG_ENABLE_OBJC_WEAK = YES;
				CLANG_WARN_BLOCK_CAPTURE_AUTORELEASING = YES;
				CLANG_WARN_BOOL_CONVERSION = YES;
				CLANG_WARN_COMMA = YES;
				CLANG_WARN_CONSTANT_CONVERSION = YES;
				CLANG_WARN_DEPRECATED_OBJC_IMPLEMENTATIONS = YES;
				CLANG_WARN_DIRECT_OBJC_ISA_USAGE = YES_ERROR;
				CLANG_WARN_DOCUMENTATION_COMMENTS = YES;
				CLANG_WARN_EMPTY_BODY = YES;
				CLANG_WARN_ENUM_CONVERSION = YES;
				CLANG_WARN_INFINITE_RECURSION = YES;
				CLANG_WARN_INT_CONVERSION = YES;
				CLANG_WARN_NON_LITERAL_NULL_CONVERSION = YES;
				CLANG_WARN_OBJC_IMPLICIT_RETAIN_SELF = YES;
				CLANG_WARN_OBJC_LITERAL_CONVERSION = YES;
				CLANG_WARN_OBJC_ROOT_CLASS = YES_ERROR;
				CLANG_WARN_QUOTED_INCLUDE_IN_FRAMEWORK_HEADER = YES;
				CLANG_WARN_RANGE_LOOP_ANALYSIS = YES;
				CLANG_WARN_STRICT_PROTOTYPES = YES;
				CLANG_WARN_SUSPICIOUS_MOVE = YES;
				CLANG_WARN_UNGUARDED_AVAILABILITY = YES_AGGRESSIVE;
				CLANG_WARN_UNREACHABLE_CODE = YES;
				CLANG_WARN__DUPLICATE_METHOD_MATCH = YES;
				COPY_PHASE_STRIP = NO;
				DEBUG_INFORMATION_FORMAT = "dwarf-with-dsym";
				ENABLE_NS_ASSERTIONS = NO;
				ENABLE_STRICT_OBJC_MSGSEND = YES;
				GCC_C_LANGUAGE_STANDARD = gnu11;
				GCC_NO_COMMON_BLOCKS = YES;
				GCC_WARN_64_TO_32_BIT_CONVERSION = YES;
				GCC_WARN_ABOUT_RETURN_TYPE = YES_ERROR;
				GCC_WARN_UNDECLARED_SELECTOR = YES;
				GCC_WARN_UNINITIALIZED_AUTOS = YES_AGGRESSIVE;
				GCC_WARN_UNUSED_FUNCTION = YES;
				GCC_WARN_UNUSED_VARIABLE = YES;
				IPHONEOS_DEPLOYMENT_TARGET = 15.0;
				MTL_ENABLE_DEBUG_INFO = NO;
				MTL_FAST_MATH = YES;
				SDKROOT = iphoneos;
				SWIFT_COMPILATION_MODE = wholemodule;
				SWIFT_OPTIMIZATION_LEVEL = "-O";
				VALIDATE_PRODUCT = YES;
			};
			name = Release;
		};
		AA39D0C7282F8A89005BD339 /* Debug */ = {
			isa = XCBuildConfiguration;
			buildSettings = {
				ASSETCATALOG_COMPILER_APPICON_NAME = AppIcon;
				ASSETCATALOG_COMPILER_GLOBAL_ACCENT_COLOR_NAME = AccentColor;
				CODE_SIGN_STYLE = Automatic;
				CURRENT_PROJECT_VERSION = 1;
				GENERATE_INFOPLIST_FILE = YES;
				INFOPLIST_FILE = TawkUserManager/Info.plist;
				INFOPLIST_KEY_UIApplicationSupportsIndirectInputEvents = YES;
				INFOPLIST_KEY_UILaunchStoryboardName = LaunchScreen;
				INFOPLIST_KEY_UIMainStoryboardFile = Main;
				INFOPLIST_KEY_UISupportedInterfaceOrientations_iPad = "UIInterfaceOrientationPortrait UIInterfaceOrientationPortraitUpsideDown UIInterfaceOrientationLandscapeLeft UIInterfaceOrientationLandscapeRight";
				INFOPLIST_KEY_UISupportedInterfaceOrientations_iPhone = "UIInterfaceOrientationPortrait UIInterfaceOrientationLandscapeLeft UIInterfaceOrientationLandscapeRight";
				LD_RUNPATH_SEARCH_PATHS = (
					"$(inherited)",
					"@executable_path/Frameworks",
				);
				MARKETING_VERSION = 1.0;
				PRODUCT_BUNDLE_IDENTIFIER = none.TawkUserManager;
				PRODUCT_NAME = "$(TARGET_NAME)";
				SWIFT_EMIT_LOC_STRINGS = YES;
				SWIFT_VERSION = 5.0;
				TARGETED_DEVICE_FAMILY = "1,2";
			};
			name = Debug;
		};
		AA39D0C8282F8A89005BD339 /* Release */ = {
			isa = XCBuildConfiguration;
			buildSettings = {
				ASSETCATALOG_COMPILER_APPICON_NAME = AppIcon;
				ASSETCATALOG_COMPILER_GLOBAL_ACCENT_COLOR_NAME = AccentColor;
				CODE_SIGN_STYLE = Automatic;
				CURRENT_PROJECT_VERSION = 1;
				GENERATE_INFOPLIST_FILE = YES;
				INFOPLIST_FILE = TawkUserManager/Info.plist;
				INFOPLIST_KEY_UIApplicationSupportsIndirectInputEvents = YES;
				INFOPLIST_KEY_UILaunchStoryboardName = LaunchScreen;
				INFOPLIST_KEY_UIMainStoryboardFile = Main;
				INFOPLIST_KEY_UISupportedInterfaceOrientations_iPad = "UIInterfaceOrientationPortrait UIInterfaceOrientationPortraitUpsideDown UIInterfaceOrientationLandscapeLeft UIInterfaceOrientationLandscapeRight";
				INFOPLIST_KEY_UISupportedInterfaceOrientations_iPhone = "UIInterfaceOrientationPortrait UIInterfaceOrientationLandscapeLeft UIInterfaceOrientationLandscapeRight";
				LD_RUNPATH_SEARCH_PATHS = (
					"$(inherited)",
					"@executable_path/Frameworks",
				);
				MARKETING_VERSION = 1.0;
				PRODUCT_BUNDLE_IDENTIFIER = none.TawkUserManager;
				PRODUCT_NAME = "$(TARGET_NAME)";
				SWIFT_EMIT_LOC_STRINGS = YES;
				SWIFT_VERSION = 5.0;
				TARGETED_DEVICE_FAMILY = "1,2";
			};
			name = Release;
		};
		AA39D0CA282F8A89005BD339 /* Debug */ = {
			isa = XCBuildConfiguration;
			buildSettings = {
				ALWAYS_EMBED_SWIFT_STANDARD_LIBRARIES = YES;
				BUNDLE_LOADER = "$(TEST_HOST)";
				CODE_SIGN_STYLE = Automatic;
				CURRENT_PROJECT_VERSION = 1;
				GENERATE_INFOPLIST_FILE = YES;
				IPHONEOS_DEPLOYMENT_TARGET = 15.0;
				LD_RUNPATH_SEARCH_PATHS = (
					"$(inherited)",
					"@executable_path/Frameworks",
					"@loader_path/Frameworks",
				);
				MARKETING_VERSION = 1.0;
				PRODUCT_BUNDLE_IDENTIFIER = none.TawkUserManagerTests;
				PRODUCT_NAME = "$(TARGET_NAME)";
				SWIFT_EMIT_LOC_STRINGS = NO;
				SWIFT_VERSION = 5.0;
				TARGETED_DEVICE_FAMILY = "1,2";
				TEST_HOST = "$(BUILT_PRODUCTS_DIR)/TawkUserManager.app/TawkUserManager";
			};
			name = Debug;
		};
		AA39D0CB282F8A89005BD339 /* Release */ = {
			isa = XCBuildConfiguration;
			buildSettings = {
				ALWAYS_EMBED_SWIFT_STANDARD_LIBRARIES = YES;
				BUNDLE_LOADER = "$(TEST_HOST)";
				CODE_SIGN_STYLE = Automatic;
				CURRENT_PROJECT_VERSION = 1;
				GENERATE_INFOPLIST_FILE = YES;
				IPHONEOS_DEPLOYMENT_TARGET = 15.0;
				LD_RUNPATH_SEARCH_PATHS = (
					"$(inherited)",
					"@executable_path/Frameworks",
					"@loader_path/Frameworks",
				);
				MARKETING_VERSION = 1.0;
				PRODUCT_BUNDLE_IDENTIFIER = none.TawkUserManagerTests;
				PRODUCT_NAME = "$(TARGET_NAME)";
				SWIFT_EMIT_LOC_STRINGS = NO;
				SWIFT_VERSION = 5.0;
				TARGETED_DEVICE_FAMILY = "1,2";
				TEST_HOST = "$(BUILT_PRODUCTS_DIR)/TawkUserManager.app/TawkUserManager";
			};
			name = Release;
		};
		AA39D0CD282F8A89005BD339 /* Debug */ = {
			isa = XCBuildConfiguration;
			buildSettings = {
				ALWAYS_EMBED_SWIFT_STANDARD_LIBRARIES = YES;
				CODE_SIGN_STYLE = Automatic;
				CURRENT_PROJECT_VERSION = 1;
				GENERATE_INFOPLIST_FILE = YES;
				LD_RUNPATH_SEARCH_PATHS = (
					"$(inherited)",
					"@executable_path/Frameworks",
					"@loader_path/Frameworks",
				);
				MARKETING_VERSION = 1.0;
				PRODUCT_BUNDLE_IDENTIFIER = none.TawkUserManagerUITests;
				PRODUCT_NAME = "$(TARGET_NAME)";
				SWIFT_EMIT_LOC_STRINGS = NO;
				SWIFT_VERSION = 5.0;
				TARGETED_DEVICE_FAMILY = "1,2";
				TEST_TARGET_NAME = TawkUserManager;
			};
			name = Debug;
		};
		AA39D0CE282F8A89005BD339 /* Release */ = {
			isa = XCBuildConfiguration;
			buildSettings = {
				ALWAYS_EMBED_SWIFT_STANDARD_LIBRARIES = YES;
				CODE_SIGN_STYLE = Automatic;
				CURRENT_PROJECT_VERSION = 1;
				GENERATE_INFOPLIST_FILE = YES;
				LD_RUNPATH_SEARCH_PATHS = (
					"$(inherited)",
					"@executable_path/Frameworks",
					"@loader_path/Frameworks",
				);
				MARKETING_VERSION = 1.0;
				PRODUCT_BUNDLE_IDENTIFIER = none.TawkUserManagerUITests;
				PRODUCT_NAME = "$(TARGET_NAME)";
				SWIFT_EMIT_LOC_STRINGS = NO;
				SWIFT_VERSION = 5.0;
				TARGETED_DEVICE_FAMILY = "1,2";
				TEST_TARGET_NAME = TawkUserManager;
			};
			name = Release;
		};
/* End XCBuildConfiguration section */

/* Begin XCConfigurationList section */
		AA39D094282F8A86005BD339 /* Build configuration list for PBXProject "TawkUserManager" */ = {
			isa = XCConfigurationList;
			buildConfigurations = (
				AA39D0C4282F8A89005BD339 /* Debug */,
				AA39D0C5282F8A89005BD339 /* Release */,
			);
			defaultConfigurationIsVisible = 0;
			defaultConfigurationName = Release;
		};
		AA39D0C6282F8A89005BD339 /* Build configuration list for PBXNativeTarget "TawkUserManager" */ = {
			isa = XCConfigurationList;
			buildConfigurations = (
				AA39D0C7282F8A89005BD339 /* Debug */,
				AA39D0C8282F8A89005BD339 /* Release */,
			);
			defaultConfigurationIsVisible = 0;
			defaultConfigurationName = Release;
		};
		AA39D0C9282F8A89005BD339 /* Build configuration list for PBXNativeTarget "TawkUserManagerTests" */ = {
			isa = XCConfigurationList;
			buildConfigurations = (
				AA39D0CA282F8A89005BD339 /* Debug */,
				AA39D0CB282F8A89005BD339 /* Release */,
			);
			defaultConfigurationIsVisible = 0;
			defaultConfigurationName = Release;
		};
		AA39D0CC282F8A89005BD339 /* Build configuration list for PBXNativeTarget "TawkUserManagerUITests" */ = {
			isa = XCConfigurationList;
			buildConfigurations = (
				AA39D0CD282F8A89005BD339 /* Debug */,
				AA39D0CE282F8A89005BD339 /* Release */,
			);
			defaultConfigurationIsVisible = 0;
			defaultConfigurationName = Release;
		};
/* End XCConfigurationList section */

/* Begin XCVersionGroup section */
		AA39D0A5282F8A86005BD339 /* TawkUserManager.xcdatamodeld */ = {
			isa = XCVersionGroup;
			children = (
				AA39D0A6282F8A86005BD339 /* TawkUserManager.xcdatamodel */,
			);
			currentVersion = AA39D0A6282F8A86005BD339 /* TawkUserManager.xcdatamodel */;
			path = TawkUserManager.xcdatamodeld;
			sourceTree = "<group>";
			versionGroupType = wrapper.xcdatamodel;
		};
/* End XCVersionGroup section */
	};
	rootObject = AA39D091282F8A86005BD339 /* Project object */;
}
